
Microsoft Visual Studio Solution File, Format Version 12.00
# Visual Studio Version 17
VisualStudioVersion = 17.6.33723.286
MinimumVisualStudioVersion = 10.0.40219.1
Project("{FAE04EC0-301F-11D3-BF4B-00C04F79EFBC}") = "tela-personagem", "tela-personagem.csproj", "{439F91B3-5B85-4D93-B153-3EE0A84A30F3}"
EndProject
Global
	GlobalSection(SolutionConfigurationPlatforms) = preSolution
		Debug|Any CPU = Debug|Any CPU
		Release|Any CPU = Release|Any CPU
	EndGlobalSection
	GlobalSection(ProjectConfigurationPlatforms) = postSolution
		{439F91B3-5B85-4D93-B153-3EE0A84A30F3}.Debug|Any CPU.ActiveCfg = Debug|Any CPU
		{439F91B3-5B85-4D93-B153-3EE0A84A30F3}.Debug|Any CPU.Build.0 = Debug|Any CPU
		{439F91B3-5B85-4D93-B153-3EE0A84A30F3}.Release|Any CPU.ActiveCfg = Release|Any CPU
		{439F91B3-5B85-4D93-B153-3EE0A84A30F3}.Release|Any CPU.Build.0 = Release|Any CPU
	EndGlobalSection
	GlobalSection(SolutionProperties) = preSolution
		HideSolutionNode = FALSE
	EndGlobalSection
	GlobalSection(ExtensibilityGlobals) = postSolution
		SolutionGuid = {A7B164A3-967D-48B0-85F6-C43CA181CC2B}
	EndGlobalSection
EndGlobal
